# THIS IS AN AUTOGENERATED FILE. DO NOT EDIT THIS FILE DIRECTLY.
# yarn lockfile v1


asap@~2.0.3:
  version "2.0.6"
  resolved "https://registry.yarnpkg.com/asap/-/asap-2.0.6.tgz#e50347611d7e690943208bbdafebcbc2fb866d46"

promise@^8.0.1:
  version "8.0.1"
  resolved "https://registry.yarnpkg.com/promise/-/promise-8.0.1.tgz#e45d68b00a17647b6da711bf85ed6ed47208f450"
  dependencies:
    asap "~2.0.3"
